
Microsoft Visual Studio Solution File, Format Version 12.00
# Visual Studio Version 17
VisualStudioVersion = 17.14.36414.22 d17.14
MinimumVisualStudioVersion = 10.0.40219.1
Project("{FAE04EC0-301F-11D3-BF4B-00C04F79EFBC}") = "pract03.07", "pract03.07\pract03.07.csproj", "{A064864F-5F0F-4466-8A75-1A81B11BAEFA}"
EndProject
Global
	GlobalSection(SolutionConfigurationPlatforms) = preSolution
		Debug|Any CPU = Debug|Any CPU
		Release|Any CPU = Release|Any CPU
	EndGlobalSection
	GlobalSection(ProjectConfigurationPlatforms) = postSolution
		{A064864F-5F0F-4466-8A75-1A81B11BAEFA}.Debug|Any CPU.ActiveCfg = Debug|Any CPU
		{A064864F-5F0F-4466-8A75-1A81B11BAEFA}.Debug|Any CPU.Build.0 = Debug|Any CPU
		{A064864F-5F0F-4466-8A75-1A81B11BAEFA}.Release|Any CPU.ActiveCfg = Release|Any CPU
		{A064864F-5F0F-4466-8A75-1A81B11BAEFA}.Release|Any CPU.Build.0 = Release|Any CPU
	EndGlobalSection
	GlobalSection(SolutionProperties) = preSolution
		HideSolutionNode = FALSE
	EndGlobalSection
	GlobalSection(ExtensibilityGlobals) = postSolution
		SolutionGuid = {22DBA41C-0FF7-405E-8A67-C9AAEC2D30B2}
	EndGlobalSection
EndGlobal
